
Microsoft Visual Studio Solution File, Format Version 12.00
# Visual Studio 15
VisualStudioVersion = 15.0.28307.539
MinimumVisualStudioVersion = 10.0.40219.1
Project("{FAE04EC0-301F-11D3-BF4B-00C04F79EFBC}") = "UXPinTrial1", "UXPinTrial1\UXPinTrial1.csproj", "{1BAB315A-8E35-42C9-A5ED-AE674EE3B10A}"
EndProject
Global
	GlobalSection(SolutionConfigurationPlatforms) = preSolution
		Debug|Any CPU = Debug|Any CPU
		Release|Any CPU = Release|Any CPU
	EndGlobalSection
	GlobalSection(ProjectConfigurationPlatforms) = postSolution
		{1BAB315A-8E35-42C9-A5ED-AE674EE3B10A}.Debug|Any CPU.ActiveCfg = Debug|Any CPU
		{1BAB315A-8E35-42C9-A5ED-AE674EE3B10A}.Debug|Any CPU.Build.0 = Debug|Any CPU
		{1BAB315A-8E35-42C9-A5ED-AE674EE3B10A}.Release|Any CPU.ActiveCfg = Release|Any CPU
		{1BAB315A-8E35-42C9-A5ED-AE674EE3B10A}.Release|Any CPU.Build.0 = Release|Any CPU
	EndGlobalSection
	GlobalSection(SolutionProperties) = preSolution
		HideSolutionNode = FALSE
	EndGlobalSection
	GlobalSection(ExtensibilityGlobals) = postSolution
		SolutionGuid = {2004EEE5-CE2B-4CE4-BC7C-3DCFEE478E1B}
	EndGlobalSection
EndGlobal
